
Microsoft Visual Studio Solution File, Format Version 12.00
# Visual Studio Version 16
VisualStudioVersion = 16.0.31729.503
MinimumVisualStudioVersion = 10.0.40219.1
Project("{FAE04EC0-301F-11D3-BF4B-00C04F79EFBC}") = "TagBot", "TagBot\TagBot.csproj", "{18DEF997-FFE2-40E3-A837-8D4B3D70FBC5}"
EndProject
Global
	GlobalSection(SolutionConfigurationPlatforms) = preSolution
		Debug|Any CPU = Debug|Any CPU
		Release|Any CPU = Release|Any CPU
	EndGlobalSection
	GlobalSection(ProjectConfigurationPlatforms) = postSolution
		{18DEF997-FFE2-40E3-A837-8D4B3D70FBC5}.Debug|Any CPU.ActiveCfg = Debug|Any CPU
		{18DEF997-FFE2-40E3-A837-8D4B3D70FBC5}.Debug|Any CPU.Build.0 = Debug|Any CPU
		{18DEF997-FFE2-40E3-A837-8D4B3D70FBC5}.Release|Any CPU.ActiveCfg = Release|Any CPU
		{18DEF997-FFE2-40E3-A837-8D4B3D70FBC5}.Release|Any CPU.Build.0 = Release|Any CPU
	EndGlobalSection
	GlobalSection(SolutionProperties) = preSolution
		HideSolutionNode = FALSE
	EndGlobalSection
	GlobalSection(ExtensibilityGlobals) = postSolution
		SolutionGuid = {8534EDE8-51C0-40C4-9D8B-EB22AFF808F6}
	EndGlobalSection
EndGlobal
